// !$*UTF8*$!
{
	archiveVersion = 1;
	classes = {
	};
	objectVersion = 46;
	objects = {

/* Begin PBXBuildFile section */
		B25912CE1D0604A40008645F /* libfuncobjc.a in Frameworks */ = {isa = PBXBuildFile; fileRef = B25912B91D0604830008645F /* libfuncobjc.a */; };
		B25912D61D0604D70008645F /* NSArray+Func.m in Sources */ = {isa = PBXBuildFile; fileRef = B25912D51D0604D70008645F /* NSArray+Func.m */; };
		B25912D81D060B520008645F /* NSArrayFuncTests.m in Sources */ = {isa = PBXBuildFile; fileRef = B25912D71D060B520008645F /* NSArrayFuncTests.m */; };
		B25912DC1D0615780008645F /* NSDictionary+Func.m in Sources */ = {isa = PBXBuildFile; fileRef = B25912DB1D0615780008645F /* NSDictionary+Func.m */; };
		B25912DE1D06159F0008645F /* FuncShortcuts.m in Sources */ = {isa = PBXBuildFile; fileRef = B25912DD1D06159F0008645F /* FuncShortcuts.m */; };
		B25912E11D0621230008645F /* NSDictionaryFuncTests.m in Sources */ = {isa = PBXBuildFile; fileRef = B25912E01D0621230008645F /* NSDictionaryFuncTests.m */; };
		B25912E31D0628F00008645F /* FuncShortcutsTests.m in Sources */ = {isa = PBXBuildFile; fileRef = B25912E21D0628F00008645F /* FuncShortcutsTests.m */; };
		B2B909E01D189DFE00D49927 /* FuncObjc.m in Sources */ = {isa = PBXBuildFile; fileRef = B2B909DF1D189DFE00D49927 /* FuncObjc.m */; };
		B2B909E21D18A22D00D49927 /* FRangeTests.m in Sources */ = {isa = PBXBuildFile; fileRef = B2B909E11D18A22D00D49927 /* FRangeTests.m */; };
/* End PBXBuildFile section */

/* Begin PBXContainerItemProxy section */
		B25912CF1D0604A40008645F /* PBXContainerItemProxy */ = {
			isa = PBXContainerItemProxy;
			containerPortal = B25912B11D0604830008645F /* Project object */;
			proxyType = 1;
			remoteGlobalIDString = B25912B81D0604830008645F;
			remoteInfo = funcobjc;
		};
/* End PBXContainerItemProxy section */

/* Begin PBXCopyFilesBuildPhase section */
		B25912B71D0604830008645F /* CopyFiles */ = {
			isa = PBXCopyFilesBuildPhase;
			buildActionMask = 2147483647;
			dstPath = "include/$(PRODUCT_NAME)";
			dstSubfolderSpec = 16;
			files = (
			);
			runOnlyForDeploymentPostprocessing = 0;
		};
/* End PBXCopyFilesBuildPhase section */

/* Begin PBXFileReference section */
		B25912B91D0604830008645F /* libfuncobjc.a */ = {isa = PBXFileReference; explicitFileType = archive.ar; includeInIndex = 0; path = libfuncobjc.a; sourceTree = BUILT_PRODUCTS_DIR; };
		B25912C91D0604A40008645F /* unit-tests.xctest */ = {isa = PBXFileReference; explicitFileType = wrapper.cfbundle; includeInIndex = 0; path = "unit-tests.xctest"; sourceTree = BUILT_PRODUCTS_DIR; };
		B25912CD1D0604A40008645F /* Info.plist */ = {isa = PBXFileReference; lastKnownFileType = text.plist.xml; path = Info.plist; sourceTree = "<group>"; };
		B25912D41D0604D70008645F /* NSArray+Func.h */ = {isa = PBXFileReference; fileEncoding = 4; lastKnownFileType = sourcecode.c.h; path = "NSArray+Func.h"; sourceTree = "<group>"; };
		B25912D51D0604D70008645F /* NSArray+Func.m */ = {isa = PBXFileReference; fileEncoding = 4; lastKnownFileType = sourcecode.c.objc; path = "NSArray+Func.m"; sourceTree = "<group>"; };
		B25912D71D060B520008645F /* NSArrayFuncTests.m */ = {isa = PBXFileReference; fileEncoding = 4; lastKnownFileType = sourcecode.c.objc; path = NSArrayFuncTests.m; sourceTree = "<group>"; };
		B25912D91D0610490008645F /* FuncObjc.h */ = {isa = PBXFileReference; lastKnownFileType = sourcecode.c.h; path = FuncObjc.h; sourceTree = "<group>"; };
		B25912DA1D0615780008645F /* NSDictionary+Func.h */ = {isa = PBXFileReference; fileEncoding = 4; lastKnownFileType = sourcecode.c.h; path = "NSDictionary+Func.h"; sourceTree = "<group>"; };
		B25912DB1D0615780008645F /* NSDictionary+Func.m */ = {isa = PBXFileReference; fileEncoding = 4; lastKnownFileType = sourcecode.c.objc; path = "NSDictionary+Func.m"; sourceTree = "<group>"; };
		B25912DD1D06159F0008645F /* FuncShortcuts.m */ = {isa = PBXFileReference; fileEncoding = 4; lastKnownFileType = sourcecode.c.objc; path = FuncShortcuts.m; sourceTree = "<group>"; };
		B25912DF1D061DD30008645F /* FuncShortcuts.h */ = {isa = PBXFileReference; lastKnownFileType = sourcecode.c.h; path = FuncShortcuts.h; sourceTree = "<group>"; };
		B25912E01D0621230008645F /* NSDictionaryFuncTests.m */ = {isa = PBXFileReference; fileEncoding = 4; lastKnownFileType = sourcecode.c.objc; path = NSDictionaryFuncTests.m; sourceTree = "<group>"; };
		B25912E21D0628F00008645F /* FuncShortcutsTests.m */ = {isa = PBXFileReference; fileEncoding = 4; lastKnownFileType = sourcecode.c.objc; path = FuncShortcutsTests.m; sourceTree = "<group>"; };
		B2B909DF1D189DFE00D49927 /* FuncObjc.m */ = {isa = PBXFileReference; fileEncoding = 4; lastKnownFileType = sourcecode.c.objc; path = FuncObjc.m; sourceTree = "<group>"; };
		B2B909E11D18A22D00D49927 /* FRangeTests.m */ = {isa = PBXFileReference; fileEncoding = 4; lastKnownFileType = sourcecode.c.objc; path = FRangeTests.m; sourceTree = "<group>"; };
/* End PBXFileReference section */

/* Begin PBXFrameworksBuildPhase section */
		B25912B61D0604830008645F /* Frameworks */ = {
			isa = PBXFrameworksBuildPhase;
			buildActionMask = 2147483647;
			files = (
			);
			runOnlyForDeploymentPostprocessing = 0;
		};
		B25912C61D0604A40008645F /* Frameworks */ = {
			isa = PBXFrameworksBuildPhase;
			buildActionMask = 2147483647;
			files = (
				B25912CE1D0604A40008645F /* libfuncobjc.a in Frameworks */,
			);
			runOnlyForDeploymentPostprocessing = 0;
		};
/* End PBXFrameworksBuildPhase section */

/* Begin PBXGroup section */
		B25912B01D0604830008645F = {
			isa = PBXGroup;
			children = (
				B25912BB1D0604840008645F /* funcobjc */,
				B25912CA1D0604A40008645F /* unit-tests */,
				B25912BA1D0604830008645F /* Products */,
			);
			sourceTree = "<group>";
		};
		B25912BA1D0604830008645F /* Products */ = {
			isa = PBXGroup;
			children = (
				B25912B91D0604830008645F /* libfuncobjc.a */,
				B25912C91D0604A40008645F /* unit-tests.xctest */,
			);
			name = Products;
			sourceTree = "<group>";
		};
		B25912BB1D0604840008645F /* funcobjc */ = {
			isa = PBXGroup;
			children = (
				B25912D41D0604D70008645F /* NSArray+Func.h */,
				B25912D51D0604D70008645F /* NSArray+Func.m */,
				B25912D91D0610490008645F /* FuncObjc.h */,
				B2B909DF1D189DFE00D49927 /* FuncObjc.m */,
				B25912DA1D0615780008645F /* NSDictionary+Func.h */,
				B25912DB1D0615780008645F /* NSDictionary+Func.m */,
				B25912DD1D06159F0008645F /* FuncShortcuts.m */,
				B25912DF1D061DD30008645F /* FuncShortcuts.h */,
			);
			path = funcobjc;
			sourceTree = "<group>";
		};
		B25912CA1D0604A40008645F /* unit-tests */ = {
			isa = PBXGroup;
			children = (
				B25912CD1D0604A40008645F /* Info.plist */,
				B25912D71D060B520008645F /* NSArrayFuncTests.m */,
				B25912E01D0621230008645F /* NSDictionaryFuncTests.m */,
				B25912E21D0628F00008645F /* FuncShortcutsTests.m */,
				B2B909E11D18A22D00D49927 /* FRangeTests.m */,
			);
			path = "unit-tests";
			sourceTree = "<group>";
		};
/* End PBXGroup section */

/* Begin PBXNativeTarget section */
		B25912B81D0604830008645F /* funcobjc */ = {
			isa = PBXNativeTarget;
			buildConfigurationList = B25912C21D0604840008645F /* Build configuration list for PBXNativeTarget "funcobjc" */;
			buildPhases = (
				B25912B51D0604830008645F /* Sources */,
				B25912B61D0604830008645F /* Frameworks */,
				B25912B71D0604830008645F /* CopyFiles */,
			);
			buildRules = (
			);
			dependencies = (
			);
			name = funcobjc;
			productName = funcobjc;
			productReference = B25912B91D0604830008645F /* libfuncobjc.a */;
			productType = "com.apple.product-type.library.static";
		};
		B25912C81D0604A40008645F /* unit-tests */ = {
			isa = PBXNativeTarget;
			buildConfigurationList = B25912D11D0604A40008645F /* Build configuration list for PBXNativeTarget "unit-tests" */;
			buildPhases = (
				B25912C51D0604A40008645F /* Sources */,
				B25912C61D0604A40008645F /* Frameworks */,
				B25912C71D0604A40008645F /* Resources */,
			);
			buildRules = (
			);
			dependencies = (
				B25912D01D0604A40008645F /* PBXTargetDependency */,
			);
			name = "unit-tests";
			productName = "unit-tests";
			productReference = B25912C91D0604A40008645F /* unit-tests.xctest */;
			productType = "com.apple.product-type.bundle.unit-test";
		};
/* End PBXNativeTarget section */

/* Begin PBXProject section */
		B25912B11D0604830008645F /* Project object */ = {
			isa = PBXProject;
			attributes = {
				LastUpgradeCheck = 0730;
				ORGANIZATIONNAME = "Alexander Smirnov";
				TargetAttributes = {
					B25912B81D0604830008645F = {
						CreatedOnToolsVersion = 7.3.1;
					};
					B25912C81D0604A40008645F = {
						CreatedOnToolsVersion = 7.3.1;
					};
				};
			};
			buildConfigurationList = B25912B41D0604830008645F /* Build configuration list for PBXProject "funcobjc" */;
			compatibilityVersion = "Xcode 3.2";
			developmentRegion = English;
			hasScannedForEncodings = 0;
			knownRegions = (
				en,
			);
			mainGroup = B25912B01D0604830008645F;
			productRefGroup = B25912BA1D0604830008645F /* Products */;
			projectDirPath = "";
			projectRoot = "";
			targets = (
				B25912B81D0604830008645F /* funcobjc */,
				B25912C81D0604A40008645F /* unit-tests */,
			);
		};
/* End PBXProject section */

/* Begin PBXResourcesBuildPhase section */
		B25912C71D0604A40008645F /* Resources */ = {
			isa = PBXResourcesBuildPhase;
			buildActionMask = 2147483647;
			files = (
			);
			runOnlyForDeploymentPostprocessing = 0;
		};
/* End PBXResourcesBuildPhase section */

/* Begin PBXSourcesBuildPhase section */
		B25912B51D0604830008645F /* Sources */ = {
			isa = PBXSourcesBuildPhase;
			buildActionMask = 2147483647;
			files = (
				B25912DC1D0615780008645F /* NSDictionary+Func.m in Sources */,
				B25912D61D0604D70008645F /* NSArray+Func.m in Sources */,
				B25912DE1D06159F0008645F /* FuncShortcuts.m in Sources */,
				B2B909E01D189DFE00D49927 /* FuncObjc.m in Sources */,
			);
			runOnlyForDeploymentPostprocessing = 0;
		};
		B25912C51D0604A40008645F /* Sources */ = {
			isa = PBXSourcesBuildPhase;
			buildActionMask = 2147483647;
			files = (
				B25912E31D0628F00008645F /* FuncShortcutsTests.m in Sources */,
				B25912E11D0621230008645F /* NSDictionaryFuncTests.m in Sources */,
				B2B909E21D18A22D00D49927 /* FRangeTests.m in Sources */,
				B25912D81D060B520008645F /* NSArrayFuncTests.m in Sources */,
			);
			runOnlyForDeploymentPostprocessing = 0;
		};
/* End PBXSourcesBuildPhase section */

/* Begin PBXTargetDependency section */
		B25912D01D0604A40008645F /* PBXTargetDependency */ = {
			isa = PBXTargetDependency;
			target = B25912B81D0604830008645F /* funcobjc */;
			targetProxy = B25912CF1D0604A40008645F /* PBXContainerItemProxy */;
		};
/* End PBXTargetDependency section */

/* Begin XCBuildConfiguration section */
		B25912C01D0604840008645F /* Debug */ = {
			isa = XCBuildConfiguration;
			buildSettings = {
				ALWAYS_SEARCH_USER_PATHS = NO;
				CLANG_ANALYZER_NONNULL = YES;
				CLANG_CXX_LANGUAGE_STANDARD = "gnu++0x";
				CLANG_CXX_LIBRARY = "libc++";
				CLANG_ENABLE_MODULES = YES;
				CLANG_ENABLE_OBJC_ARC = YES;
				CLANG_WARN_BOOL_CONVERSION = YES;
				CLANG_WARN_CONSTANT_CONVERSION = YES;
				CLANG_WARN_DIRECT_OBJC_ISA_USAGE = YES_ERROR;
				CLANG_WARN_EMPTY_BODY = YES;
				CLANG_WARN_ENUM_CONVERSION = YES;
				CLANG_WARN_INT_CONVERSION = YES;
				CLANG_WARN_OBJC_ROOT_CLASS = YES_ERROR;
				CLANG_WARN_UNREACHABLE_CODE = YES;
				CLANG_WARN__DUPLICATE_METHOD_MATCH = YES;
				"CODE_SIGN_IDENTITY[sdk=iphoneos*]" = "iPhone Developer";
				COPY_PHASE_STRIP = NO;
				DEBUG_INFORMATION_FORMAT = dwarf;
				ENABLE_STRICT_OBJC_MSGSEND = YES;
				ENABLE_TESTABILITY = YES;
				GCC_C_LANGUAGE_STANDARD = gnu99;
				GCC_DYNAMIC_NO_PIC = NO;
				GCC_NO_COMMON_BLOCKS = YES;
				GCC_OPTIMIZATION_LEVEL = 0;
				GCC_PREPROCESSOR_DEFINITIONS = (
					"DEBUG=1",
					"$(inherited)",
				);
				GCC_WARN_64_TO_32_BIT_CONVERSION = YES;
				GCC_WARN_ABOUT_RETURN_TYPE = YES_ERROR;
				GCC_WARN_UNDECLARED_SELECTOR = YES;
				GCC_WARN_UNINITIALIZED_AUTOS = YES_AGGRESSIVE;
				GCC_WARN_UNUSED_FUNCTION = YES;
				GCC_WARN_UNUSED_VARIABLE = YES;
				IPHONEOS_DEPLOYMENT_TARGET = 8.0;
				MTL_ENABLE_DEBUG_INFO = YES;
				ONLY_ACTIVE_ARCH = YES;
				SDKROOT = iphoneos;
			};
			name = Debug;
		};
		B25912C11D0604840008645F /* Release */ = {
			isa = XCBuildConfiguration;
			buildSettings = {
				ALWAYS_SEARCH_USER_PATHS = NO;
				CLANG_ANALYZER_NONNULL = YES;
				CLANG_CXX_LANGUAGE_STANDARD = "gnu++0x";
				CLANG_CXX_LIBRARY = "libc++";
				CLANG_ENABLE_MODULES = YES;
				CLANG_ENABLE_OBJC_ARC = YES;
				CLANG_WARN_BOOL_CONVERSION = YES;
				CLANG_WARN_CONSTANT_CONVERSION = YES;
				CLANG_WARN_DIRECT_OBJC_ISA_USAGE = YES_ERROR;
				CLANG_WARN_EMPTY_BODY = YES;
				CLANG_WARN_ENUM_CONVERSION = YES;
				CLANG_WARN_INT_CONVERSION = YES;
				CLANG_WARN_OBJC_ROOT_CLASS = YES_ERROR;
				CLANG_WARN_UNREACHABLE_CODE = YES;
				CLANG_WARN__DUPLICATE_METHOD_MATCH = YES;
				"CODE_SIGN_IDENTITY[sdk=iphoneos*]" = "iPhone Developer";
				COPY_PHASE_STRIP = NO;
				DEBUG_INFORMATION_FORMAT = "dwarf-with-dsym";
				ENABLE_NS_ASSERTIONS = NO;
				ENABLE_STRICT_OBJC_MSGSEND = YES;
				GCC_C_LANGUAGE_STANDARD = gnu99;
				GCC_NO_COMMON_BLOCKS = YES;
				GCC_WARN_64_TO_32_BIT_CONVERSION = YES;
				GCC_WARN_ABOUT_RETURN_TYPE = YES_ERROR;
				GCC_WARN_UNDECLARED_SELECTOR = YES;
				GCC_WARN_UNINITIALIZED_AUTOS = YES_AGGRESSIVE;
				GCC_WARN_UNUSED_FUNCTION = YES;
				GCC_WARN_UNUSED_VARIABLE = YES;
				IPHONEOS_DEPLOYMENT_TARGET = 8.0;
				MTL_ENABLE_DEBUG_INFO = NO;
				SDKROOT = iphoneos;
				VALIDATE_PRODUCT = YES;
			};
			name = Release;
		};
		B25912C31D0604840008645F /* Debug */ = {
			isa = XCBuildConfiguration;
			buildSettings = {
				CLANG_WARN_ASSIGN_ENUM = YES;
				CLANG_WARN_DEPRECATED_OBJC_IMPLEMENTATIONS = YES;
				CLANG_WARN_IMPLICIT_SIGN_CONVERSION = YES;
				CLANG_WARN_NULLABLE_TO_NONNULL_CONVERSION = YES;
				CLANG_WARN_OBJC_EXPLICIT_OWNERSHIP_TYPE = NO;
				CLANG_WARN_OBJC_IMPLICIT_ATOMIC_PROPERTIES = YES;
				CLANG_WARN_OBJC_IMPLICIT_RETAIN_SELF = YES;
				CLANG_WARN_OBJC_REPEATED_USE_OF_WEAK = YES;
				CLANG_WARN_SUSPICIOUS_IMPLICIT_CONVERSION = YES;
				GCC_TREAT_IMPLICIT_FUNCTION_DECLARATIONS_AS_ERRORS = YES;
				GCC_TREAT_INCOMPATIBLE_POINTER_TYPE_WARNINGS_AS_ERRORS = YES;
				GCC_TREAT_WARNINGS_AS_ERRORS = YES;
				GCC_WARN_ABOUT_MISSING_FIELD_INITIALIZERS = YES;
				GCC_WARN_ABOUT_MISSING_PROTOTYPES = YES;
				GCC_WARN_INITIALIZER_NOT_FULLY_BRACKETED = YES;
				GCC_WARN_PEDANTIC = YES;
				GCC_WARN_SHADOW = YES;
				GCC_WARN_SIGN_COMPARE = YES;
				GCC_WARN_STRICT_SELECTOR_MATCH = YES;
				GCC_WARN_UNKNOWN_PRAGMAS = YES;
				GCC_WARN_UNUSED_LABEL = YES;
				OTHER_LDFLAGS = "-ObjC";
				PRODUCT_NAME = "$(TARGET_NAME)";
				SKIP_INSTALL = YES;
				WARNING_CFLAGS = "-Wno-gnu-conditional-omitted-operand";
			};
			name = Debug;
		};
		B25912C41D0604840008645F /* Release */ = {
			isa = XCBuildConfiguration;
			buildSettings = {
				CLANG_WARN_ASSIGN_ENUM = YES;
				CLANG_WARN_DEPRECATED_OBJC_IMPLEMENTATIONS = YES;
				CLANG_WARN_IMPLICIT_SIGN_CONVERSION = YES;
				CLANG_WARN_NULLABLE_TO_NONNULL_CONVERSION = YES;
				CLANG_WARN_OBJC_EXPLICIT_OWNERSHIP_TYPE = NO;
				CLANG_WARN_OBJC_IMPLICIT_ATOMIC_PROPERTIES = YES;
				CLANG_WARN_OBJC_IMPLICIT_RETAIN_SELF = YES;
				CLANG_WARN_OBJC_REPEATED_USE_OF_WEAK = YES;
				CLANG_WARN_SUSPICIOUS_IMPLICIT_CONVERSION = YES;
				GCC_TREAT_IMPLICIT_FUNCTION_DECLARATIONS_AS_ERRORS = YES;
				GCC_TREAT_INCOMPATIBLE_POINTER_TYPE_WARNINGS_AS_ERRORS = YES;
				GCC_TREAT_WARNINGS_AS_ERRORS = YES;
				GCC_WARN_ABOUT_MISSING_FIELD_INITIALIZERS = YES;
				GCC_WARN_ABOUT_MISSING_PROTOTYPES = YES;
				GCC_WARN_INITIALIZER_NOT_FULLY_BRACKETED = YES;
				GCC_WARN_PEDANTIC = YES;
				GCC_WARN_SHADOW = YES;
				GCC_WARN_SIGN_COMPARE = YES;
				GCC_WARN_STRICT_SELECTOR_MATCH = YES;
				GCC_WARN_UNKNOWN_PRAGMAS = YES;
				GCC_WARN_UNUSED_LABEL = YES;
				OTHER_LDFLAGS = "-ObjC";
				PRODUCT_NAME = "$(TARGET_NAME)";
				SKIP_INSTALL = YES;
				WARNING_CFLAGS = "-Wno-gnu-conditional-omitted-operand";
			};
			name = Release;
		};
		B25912D21D0604A40008645F /* Debug */ = {
			isa = XCBuildConfiguration;
			buildSettings = {
				INFOPLIST_FILE = "unit-tests/Info.plist";
				LD_RUNPATH_SEARCH_PATHS = "$(inherited) @executable_path/Frameworks @loader_path/Frameworks";
				OTHER_LDFLAGS = "-ObjC";
				PRODUCT_BUNDLE_IDENTIFIER = "ru.smirn0v.unit-tests";
				PRODUCT_NAME = "$(TARGET_NAME)";
			};
			name = Debug;
		};
		B25912D31D0604A40008645F /* Release */ = {
			isa = XCBuildConfiguration;
			buildSettings = {
				INFOPLIST_FILE = "unit-tests/Info.plist";
				LD_RUNPATH_SEARCH_PATHS = "$(inherited) @executable_path/Frameworks @loader_path/Frameworks";
				OTHER_LDFLAGS = "-ObjC";
				PRODUCT_BUNDLE_IDENTIFIER = "ru.smirn0v.unit-tests";
				PRODUCT_NAME = "$(TARGET_NAME)";
			};
			name = Release;
		};
/* End XCBuildConfiguration section */

/* Begin XCConfigurationList section */
		B25912B41D0604830008645F /* Build configuration list for PBXProject "funcobjc" */ = {
			isa = XCConfigurationList;
			buildConfigurations = (
				B25912C01D0604840008645F /* Debug */,
				B25912C11D0604840008645F /* Release */,
			);
			defaultConfigurationIsVisible = 0;
			defaultConfigurationName = Release;
		};
		B25912C21D0604840008645F /* Build configuration list for PBXNativeTarget "funcobjc" */ = {
			isa = XCConfigurationList;
			buildConfigurations = (
				B25912C31D0604840008645F /* Debug */,
				B25912C41D0604840008645F /* Release */,
			);
			defaultConfigurationIsVisible = 0;
			defaultConfigurationName = Release;
		};
		B25912D11D0604A40008645F /* Build configuration list for PBXNativeTarget "unit-tests" */ = {
			isa = XCConfigurationList;
			buildConfigurations = (
				B25912D21D0604A40008645F /* Debug */,
				B25912D31D0604A40008645F /* Release */,
			);
			defaultConfigurationIsVisible = 0;
			defaultConfigurationName = Release;
		};
/* End XCConfigurationList section */
	};
	rootObject = B25912B11D0604830008645F /* Project object */;
}
